<?xml version="1.0" encoding="utf-8"?>
<Project ToolsVersion="4.0" xmlns="http://schemas.microsoft.com/developer/msbuild/2003">
  <ItemGroup>
    <Filter Include="Source Files">
      <UniqueIdentifier>{4FC737F1-C7A5-4376-A066-2A32D752A2FF}</UniqueIdentifier>
      <Extensions>cpp;c;cc;cxx;def;odl;idl;hpj;bat;asm;asmx</Extensions>
    </Filter>
    <Filter Include="Resource Files">
      <UniqueIdentifier>{67DA6AB6-F800-4c08-8B7A-83BB121AAD01}</UniqueIdentifier>
      <Extensions>rc;ico;cur;bmp;dlg;rc2;rct;bin;rgs;gif;jpg;jpeg;jpe;resx;tiff;tif;png;wav;mfcribbon-ms</Extensions>
    </Filter>
    <Filter Include="Source Files\Structures">
      <UniqueIdentifier>{9e73087d-73f8-48ad-9fcd-70d50df07063}</UniqueIdentifier>
    </Filter>
    <Filter Include="Source Files\Structures\Workplace">
      <UniqueIdentifier>{6728135e-8cc9-4271-8305-daef833f3d74}</UniqueIdentifier>
    </Filter>
  </ItemGroup>
  <ItemGroup>
    <ClCompile Include="src\Automaton.cpp">
      <Filter>Source Files</Filter>
    </ClCompile>
    <ClCompile Include="src\Map.cpp">
      <Filter>Source Files</Filter>
    </ClCompile>
    <ClCompile Include="src\Tile.cpp">
      <Filter>Source Files</Filter>
    </ClCompile>
    <ClCompile Include="src\Structures\Workplace\Tree.cpp">
      <Filter>Source Files\Structures\Workplace</Filter>
    </ClCompile>
  </ItemGroup>
  <ItemGroup>
    <ClInclude Include="src\Map.h">
      <Filter>Source Files</Filter>
    </ClInclude>
    <ClInclude Include="src\Tile.h">
      <Filter>Source Files</Filter>
    </ClInclude>
    <ClInclude Include="src\Structures\Structure.h">
      <Filter>Source Files\Structures</Filter>
    </ClInclude>
    <ClInclude Include="src\Structures\Workplace\Workplace.h">
      <Filter>Source Files\Structures\Workplace</Filter>
    </ClInclude>
    <ClInclude Include="src\Structures\Workplace\Tree.h">
      <Filter>Source Files\Structures\Workplace</Filter>
    </ClInclude>
  </ItemGroup>
</Project>